
Microsoft Visual Studio Solution File, Format Version 12.00
# Visual Studio Version 17
VisualStudioVersion = 17.4.33205.214
MinimumVisualStudioVersion = 10.0.40219.1
Project("{FAE04EC0-301F-11D3-BF4B-00C04F79EFBC}") = "ProNatur-Biomarkt GmbH", "ProNatur-Biomarkt GmbH.csproj", "{64B81413-AFED-4923-9C06-36E677B82964}"
EndProject
Global
	GlobalSection(SolutionConfigurationPlatforms) = preSolution
		Debug|Any CPU = Debug|Any CPU
		Release|Any CPU = Release|Any CPU
	EndGlobalSection
	GlobalSection(ProjectConfigurationPlatforms) = postSolution
		{64B81413-AFED-4923-9C06-36E677B82964}.Debug|Any CPU.ActiveCfg = Debug|Any CPU
		{64B81413-AFED-4923-9C06-36E677B82964}.Debug|Any CPU.Build.0 = Debug|Any CPU
		{64B81413-AFED-4923-9C06-36E677B82964}.Release|Any CPU.ActiveCfg = Release|Any CPU
		{64B81413-AFED-4923-9C06-36E677B82964}.Release|Any CPU.Build.0 = Release|Any CPU
	EndGlobalSection
	GlobalSection(SolutionProperties) = preSolution
		HideSolutionNode = FALSE
	EndGlobalSection
	GlobalSection(ExtensibilityGlobals) = postSolution
		SolutionGuid = {22B95C8F-6705-40BF-A849-F2DF9D7184C1}
	EndGlobalSection
EndGlobal
